
Microsoft Visual Studio Solution File, Format Version 12.00
# Visual Studio Version 16
VisualStudioVersion = 16.0.30320.27
MinimumVisualStudioVersion = 10.0.40219.1
Project("{FAE04EC0-301F-11D3-BF4B-00C04F79EFBC}") = "redisandframework45", "redisandframework45\redisandframework45.csproj", "{4A6369D3-6DBC-4727-AF2E-F9AEDC4816B0}"
EndProject
Global
	GlobalSection(SolutionConfigurationPlatforms) = preSolution
		Debug|Any CPU = Debug|Any CPU
		Release|Any CPU = Release|Any CPU
	EndGlobalSection
	GlobalSection(ProjectConfigurationPlatforms) = postSolution
		{4A6369D3-6DBC-4727-AF2E-F9AEDC4816B0}.Debug|Any CPU.ActiveCfg = Debug|Any CPU
		{4A6369D3-6DBC-4727-AF2E-F9AEDC4816B0}.Debug|Any CPU.Build.0 = Debug|Any CPU
		{4A6369D3-6DBC-4727-AF2E-F9AEDC4816B0}.Release|Any CPU.ActiveCfg = Release|Any CPU
		{4A6369D3-6DBC-4727-AF2E-F9AEDC4816B0}.Release|Any CPU.Build.0 = Release|Any CPU
	EndGlobalSection
	GlobalSection(SolutionProperties) = preSolution
		HideSolutionNode = FALSE
	EndGlobalSection
	GlobalSection(ExtensibilityGlobals) = postSolution
		SolutionGuid = {8B5CBE98-73CA-4D54-9FA9-DC9C3BC2045F}
	EndGlobalSection
EndGlobal
